{
  "requires": true,
  "lockfileVersion": 1,
  "dependencies": {
    "at-ui": {
      "version": "1.3.3",
      "resolved": "https://registry.nlark.com/at-ui/download/at-ui-1.3.3.tgz",
      "integrity": "sha1-IP6voiMfxpJoU37Vs5lMoCoHL20=",
      "requires": {
        "deepmerge": "^2.0.1",
        "vue": "^2.5.13",
        "vue-i18n": "^7.4.1",
        "vue-router": "^2.8.1",
        "vue-template-compiler": "^2.5.13"
      }
    },
    "at-ui-style": {
      "version": "1.5.1",
      "resolved": "https://registry.nlark.com/at-ui-style/download/at-ui-style-1.5.1.tgz",
      "integrity": "sha1-2yBXr7OutZYdM3U81P+L/4LpE6A="
    },
    "de-indent": {
      "version": "1.0.2",
      "resolved": "https://registry.nlark.com/de-indent/download/de-indent-1.0.2.tgz",
      "integrity": "sha1-sgOOhG3DO6pXlhKNCAS0VbjB4h0="
    },
    "deepmerge": {
      "version": "2.2.1",
      "resolved": "https://registry.nlark.com/deepmerge/download/deepmerge-2.2.1.tgz",
      "integrity": "sha1-XT/yKgHAD2RUBaL7wX0HeKGAEXA="
    },
    "he": {
      "version": "1.2.0",
      "resolved": "https://registry.nlark.com/he/download/he-1.2.0.tgz",
      "integrity": "sha1-hK5l+n6vsWX922FWauFLrwVmTw8="
    },
    "vue": {
      "version": "2.6.14",
      "resolved": "https://registry.npmmirror.com/vue/download/vue-2.6.14.tgz?cache=0&sync_timestamp=1633712555314&other_urls=https%3A%2F%2Fregistry.npmmirror.com%2Fvue%2Fdownload%2Fvue-2.6.14.tgz",
      "integrity": "sha1-5RqlJQJQ1Wmj+606ilpofWA24jU="
    },
    "vue-i18n": {
      "version": "7.8.1",
      "resolved": "https://registry.npmmirror.com/vue-i18n/download/vue-i18n-7.8.1.tgz",
      "integrity": "sha1-LOS2795nmh4F3bXZB7/BvCGIA7I="
    },
    "vue-router": {
      "version": "2.8.1",
      "resolved": "https://registry.npmmirror.com/vue-router/download/vue-router-2.8.1.tgz?cache=0&sync_timestamp=1635262041312&other_urls=https%3A%2F%2Fregistry.npmmirror.com%2Fvue-router%2Fdownload%2Fvue-router-2.8.1.tgz",
      "integrity": "sha1-mDPJ7lesg76wJpBW/v7nFxPyBpU="
    },
    "vue-template-compiler": {
      "version": "2.6.14",
      "resolved": "https://registry.nlark.com/vue-template-compiler/download/vue-template-compiler-2.6.14.tgz",
      "integrity": "sha1-ovDn2YVnDULJye4NBE/tdpD092M=",
      "requires": {
        "de-indent": "^1.0.2",
        "he": "^1.1.0"
      }
    }
  }
}
