{
  "requires": true,
  "lockfileVersion": 1,
  "dependencies": {
    "async-validator": {
      "version": "3.5.2",
      "resolved": "https://registry.nlark.com/async-validator/download/async-validator-3.5.2.tgz",
      "integrity": "sha1-aOhmqWgk6LJpT/eoMcGiXETV5QA="
    },
    "at-ui": {
      "version": "1.3.3",
      "resolved": "https://registry.npm.taobao.org/at-ui/download/at-ui-1.3.3.tgz",
      "integrity": "sha1-IP6voiMfxpJoU37Vs5lMoCoHL20=",
      "requires": {
        "deepmerge": "^2.0.1",
        "vue": "^2.5.13",
        "vue-i18n": "^7.4.1",
        "vue-router": "^2.8.1",
        "vue-template-compiler": "^2.5.13"
      }
    },
    "at-ui-style": {
      "version": "1.5.1",
      "resolved": "https://registry.nlark.com/at-ui-style/download/at-ui-style-1.5.1.tgz",
      "integrity": "sha1-2yBXr7OutZYdM3U81P+L/4LpE6A="
    },
    "batch-processor": {
      "version": "1.0.0",
      "resolved": "https://registry.npm.taobao.org/batch-processor/download/batch-processor-1.0.0.tgz",
      "integrity": "sha1-dclcMrdI4IUNEMKxaPa9vpiRrOg="
    },
    "de-indent": {
      "version": "1.0.2",
      "resolved": "https://registry.npm.taobao.org/de-indent/download/de-indent-1.0.2.tgz",
      "integrity": "sha1-sgOOhG3DO6pXlhKNCAS0VbjB4h0="
    },
    "deepmerge": {
      "version": "2.2.1",
      "resolved": "https://registry.nlark.com/deepmerge/download/deepmerge-2.2.1.tgz?cache=0&sync_timestamp=1622025358084&other_urls=https%3A%2F%2Fregistry.nlark.com%2Fdeepmerge%2Fdownload%2Fdeepmerge-2.2.1.tgz",
      "integrity": "sha1-XT/yKgHAD2RUBaL7wX0HeKGAEXA="
    },
    "element-resize-detector": {
      "version": "1.2.3",
      "resolved": "https://registry.nlark.com/element-resize-detector/download/element-resize-detector-1.2.3.tgz",
      "integrity": "sha1-UHjZuZOY/kxYn4yN+U/5nl1BP/M=",
      "requires": {
        "batch-processor": "1.0.0"
      }
    },
    "he": {
      "version": "1.2.0",
      "resolved": "https://registry.npm.taobao.org/he/download/he-1.2.0.tgz",
      "integrity": "sha1-hK5l+n6vsWX922FWauFLrwVmTw8="
    },
    "js-calendar": {
      "version": "1.2.3",
      "resolved": "https://registry.nlark.com/js-calendar/download/js-calendar-1.2.3.tgz",
      "integrity": "sha1-pYOwZEtOaVujlPNE0QPbzHp6fT4="
    },
    "lodash.throttle": {
      "version": "4.1.1",
      "resolved": "https://registry.nlark.com/lodash.throttle/download/lodash.throttle-4.1.1.tgz",
      "integrity": "sha1-wj6RtxAkKscMN/HhzaknTMOb8vQ="
    },
    "popper.js": {
      "version": "1.16.1",
      "resolved": "https://registry.npm.taobao.org/popper.js/download/popper.js-1.16.1.tgz",
      "integrity": "sha1-KiI8s9x7YhPXQOQDcr5A3kPmWxs="
    },
    "tinycolor2": {
      "version": "1.4.2",
      "resolved": "https://registry.npm.taobao.org/tinycolor2/download/tinycolor2-1.4.2.tgz",
      "integrity": "sha1-P2pNEHGtB2dtf6Ry4frECnGdiAM="
    },
    "v-click-outside-x": {
      "version": "3.7.1",
      "resolved": "https://registry.nlark.com/v-click-outside-x/download/v-click-outside-x-3.7.1.tgz",
      "integrity": "sha1-qgPqoOQeRMtSB9z4bC2fDdZAhME="
    },
    "view-design": {
      "version": "4.6.1",
      "resolved": "https://registry.nlark.com/view-design/download/view-design-4.6.1.tgz",
      "integrity": "sha1-usexB2Usxbd26QUA62gWuDoB3jk=",
      "requires": {
        "async-validator": "^3.3.0",
        "deepmerge": "^2.2.1",
        "element-resize-detector": "^1.2.0",
        "js-calendar": "^1.2.3",
        "lodash.throttle": "^4.1.1",
        "popper.js": "^1.14.6",
        "tinycolor2": "^1.4.1",
        "v-click-outside-x": "^3.7.1"
      }
    },
    "vue": {
      "version": "2.6.14",
      "resolved": "https://registry.nlark.com/vue/download/vue-2.6.14.tgz?cache=0&sync_timestamp=1629824252933&other_urls=https%3A%2F%2Fregistry.nlark.com%2Fvue%2Fdownload%2Fvue-2.6.14.tgz",
      "integrity": "sha1-5RqlJQJQ1Wmj+606ilpofWA24jU="
    },
    "vue-i18n": {
      "version": "7.8.1",
      "resolved": "https://registry.nlark.com/vue-i18n/download/vue-i18n-7.8.1.tgz",
      "integrity": "sha1-LOS2795nmh4F3bXZB7/BvCGIA7I="
    },
    "vue-router": {
      "version": "2.8.1",
      "resolved": "https://registry.nlark.com/vue-router/download/vue-router-2.8.1.tgz?cache=0&sync_timestamp=1628495505697&other_urls=https%3A%2F%2Fregistry.nlark.com%2Fvue-router%2Fdownload%2Fvue-router-2.8.1.tgz",
      "integrity": "sha1-mDPJ7lesg76wJpBW/v7nFxPyBpU="
    },
    "vue-template-compiler": {
      "version": "2.6.14",
      "resolved": "https://registry.nlark.com/vue-template-compiler/download/vue-template-compiler-2.6.14.tgz?cache=0&sync_timestamp=1623059845318&other_urls=https%3A%2F%2Fregistry.nlark.com%2Fvue-template-compiler%2Fdownload%2Fvue-template-compiler-2.6.14.tgz",
      "integrity": "sha1-ovDn2YVnDULJye4NBE/tdpD092M=",
      "requires": {
        "de-indent": "^1.0.2",
        "he": "^1.1.0"
      }
    }
  }
}
